PODS:
  - Alamofire (3.3.1)
  - CocoaLumberjack (2.2.0):
    - CocoaLumberjack/Default (= 2.2.0)
    - CocoaLumberjack/Extensions (= 2.2.0)
  - CocoaLumberjack/Core (2.2.0)
  - CocoaLumberjack/Default (2.2.0):
    - CocoaLumberjack/Core
  - CocoaLumberjack/Extensions (2.2.0):
    - CocoaLumberjack/Default
  - NMCache (0.2.1):
    - YapDatabase (~> 2.8)
  - NMJSON (1.1)
  - NMNet (0.1.4):
    - Alamofire (~> 3.0)
    - NMJSON (~> 1.0)
  - NMPlug (0.5):
    - NMCache (~> 0.2)
    - NMJSON (~> 1.0)
  - YapDatabase (2.8.3):
    - YapDatabase/Standard (= 2.8.3)
  - YapDatabase/Standard (2.8.3):
    - YapDatabase/Standard/Core (= 2.8.3)
    - YapDatabase/Standard/Extensions (= 2.8.3)
  - YapDatabase/Standard/Core (2.8.3):
    - CocoaLumberjack (~> 2)
  - YapDatabase/Standard/Extensions (2.8.3):
    - YapDatabase/Standard/Core
    - YapDatabase/Standard/Extensions/CloudKit (= 2.8.3)
    - YapDatabase/Standard/Extensions/ConnectionProxy (= 2.8.3)
    - YapDatabase/Standard/Extensions/FilteredViews (= 2.8.3)
    - YapDatabase/Standard/Extensions/FullTextSearch (= 2.8.3)
    - YapDatabase/Standard/Extensions/Hooks (= 2.8.3)
    - YapDatabase/Standard/Extensions/Relationships (= 2.8.3)
    - YapDatabase/Standard/Extensions/RTreeIndex (= 2.8.3)
    - YapDatabase/Standard/Extensions/SearchResults (= 2.8.3)
    - YapDatabase/Standard/Extensions/SecondaryIndex (= 2.8.3)
    - YapDatabase/Standard/Extensions/SecondaryIndex (= 2.8.3)
    - YapDatabase/Standard/Extensions/Views (= 2.8.3)
  - YapDatabase/Standard/Extensions/CloudKit (2.8.3):
    - YapDatabase/Standard/Core
  - YapDatabase/Standard/Extensions/ConnectionProxy (2.8.3):
    - YapDatabase/Standard/Core
  - YapDatabase/Standard/Extensions/FilteredViews (2.8.3):
    - YapDatabase/Standard/Core
    - YapDatabase/Standard/Extensions/Views
  - YapDatabase/Standard/Extensions/FullTextSearch (2.8.3):
    - YapDatabase/Standard/Core
  - YapDatabase/Standard/Extensions/Hooks (2.8.3):
    - YapDatabase/Standard/Core
  - YapDatabase/Standard/Extensions/Relationships (2.8.3):
    - YapDatabase/Standard/Core
  - YapDatabase/Standard/Extensions/RTreeIndex (2.8.3):
    - YapDatabase/Standard/Core
  - YapDatabase/Standard/Extensions/SearchResults (2.8.3):
    - YapDatabase/Standard/Core
    - YapDatabase/Standard/Extensions/FullTextSearch
    - YapDatabase/Standard/Extensions/Views
  - YapDatabase/Standard/Extensions/SecondaryIndex (2.8.3):
    - YapDatabase/Standard/Core
  - YapDatabase/Standard/Extensions/Views (2.8.3):
    - YapDatabase/Standard/Core

DEPENDENCIES:
  - NMNet (~> 0.1)
  - NMPlug (~> 0.5)

SPEC CHECKSUMS:
  Alamofire: 369bc67b6f5ac33ded3648d7bd21c5bfb91c2ecc
  CocoaLumberjack: 17fe8581f84914d5d7e6360f7c70022b173c3ae0
  NMCache: 67e5ad7aaa81ffca9a00a9dc94204c158bbca55e
  NMJSON: 803aba620a12b5c56165d91d4c44df12c93ca039
  NMNet: 1612758cfc1f1f0bfe4250adcd152b59c8664be8
  NMPlug: 91639a7fb5bc1c3fedaf78f436e89686a48a0738
  YapDatabase: 15b6867a07ff30eac3af28794cd2262b4d0ca4ca

COCOAPODS: 0.39.0
