PODS:
  - Alamofire (3.3.1)
  - CocoaLumberjack (2.2.0):
    - CocoaLumberjack/Default (= 2.2.0)
    - CocoaLumberjack/Extensions (= 2.2.0)
  - CocoaLumberjack/Core (2.2.0)
  - CocoaLumberjack/Default (2.2.0):
    - CocoaLumberjack/Core
  - CocoaLumberjack/Extensions (2.2.0):
    - CocoaLumberjack/Default
  - JWTDecode (1.0.0)
  - NMCache (0.2.1):
    - YapDatabase (~> 2.8)
  - NMJSON (1.1.1)
  - NMNet (0.1.5):
    - Alamofire (~> 3.0)
    - NMJSON (~> 1.0)
  - NMPlug (0.6):
    - NMCache (~> 0.2)
    - NMJSON (~> 1.0)
  - OHHTTPStubs (5.0.0):
    - OHHTTPStubs/Default (= 5.0.0)
  - OHHTTPStubs/Core (5.0.0)
  - OHHTTPStubs/Default (5.0.0):
    - OHHTTPStubs/Core
    - OHHTTPStubs/JSON
    - OHHTTPStubs/NSURLSession
    - OHHTTPStubs/OHPathHelpers
  - OHHTTPStubs/JSON (5.0.0):
    - OHHTTPStubs/Core
  - OHHTTPStubs/NSURLSession (5.0.0):
    - OHHTTPStubs/Core
  - OHHTTPStubs/OHPathHelpers (5.0.0)
  - OHHTTPStubs/Swift (5.0.0):
    - OHHTTPStubs/Core
  - YapDatabase (2.8.3):
    - YapDatabase/Standard (= 2.8.3)
  - YapDatabase/Standard (2.8.3):
    - YapDatabase/Standard/Core (= 2.8.3)
    - YapDatabase/Standard/Extensions (= 2.8.3)
  - YapDatabase/Standard/Core (2.8.3):
    - CocoaLumberjack (~> 2)
  - YapDatabase/Standard/Extensions (2.8.3):
    - YapDatabase/Standard/Core
    - YapDatabase/Standard/Extensions/CloudKit (= 2.8.3)
    - YapDatabase/Standard/Extensions/ConnectionProxy (= 2.8.3)
    - YapDatabase/Standard/Extensions/FilteredViews (= 2.8.3)
    - YapDatabase/Standard/Extensions/FullTextSearch (= 2.8.3)
    - YapDatabase/Standard/Extensions/Hooks (= 2.8.3)
    - YapDatabase/Standard/Extensions/Relationships (= 2.8.3)
    - YapDatabase/Standard/Extensions/RTreeIndex (= 2.8.3)
    - YapDatabase/Standard/Extensions/SearchResults (= 2.8.3)
    - YapDatabase/Standard/Extensions/SecondaryIndex (= 2.8.3)
    - YapDatabase/Standard/Extensions/SecondaryIndex (= 2.8.3)
    - YapDatabase/Standard/Extensions/Views (= 2.8.3)
  - YapDatabase/Standard/Extensions/CloudKit (2.8.3):
    - YapDatabase/Standard/Core
  - YapDatabase/Standard/Extensions/ConnectionProxy (2.8.3):
    - YapDatabase/Standard/Core
  - YapDatabase/Standard/Extensions/FilteredViews (2.8.3):
    - YapDatabase/Standard/Core
    - YapDatabase/Standard/Extensions/Views
  - YapDatabase/Standard/Extensions/FullTextSearch (2.8.3):
    - YapDatabase/Standard/Core
  - YapDatabase/Standard/Extensions/Hooks (2.8.3):
    - YapDatabase/Standard/Core
  - YapDatabase/Standard/Extensions/Relationships (2.8.3):
    - YapDatabase/Standard/Core
  - YapDatabase/Standard/Extensions/RTreeIndex (2.8.3):
    - YapDatabase/Standard/Core
  - YapDatabase/Standard/Extensions/SearchResults (2.8.3):
    - YapDatabase/Standard/Core
    - YapDatabase/Standard/Extensions/FullTextSearch
    - YapDatabase/Standard/Extensions/Views
  - YapDatabase/Standard/Extensions/SecondaryIndex (2.8.3):
    - YapDatabase/Standard/Core
  - YapDatabase/Standard/Extensions/Views (2.8.3):
    - YapDatabase/Standard/Core

DEPENDENCIES:
  - JWTDecode (~> 1.0)
  - NMNet (~> 0.1)
  - NMPlug (~> 0.6)
  - OHHTTPStubs
  - OHHTTPStubs/Swift

SPEC CHECKSUMS:
  Alamofire: 369bc67b6f5ac33ded3648d7bd21c5bfb91c2ecc
  CocoaLumberjack: 17fe8581f84914d5d7e6360f7c70022b173c3ae0
  JWTDecode: d172edcb1607cc15aed85d58eceedcbb675a4534
  NMCache: 67e5ad7aaa81ffca9a00a9dc94204c158bbca55e
  NMJSON: fef15e5d1e783e666c1720ee92a4d739028018d3
  NMNet: 6b6448a7d712b7baf21ddbdeb302579a5fafc1a0
  NMPlug: 8bdd9e442160a659ee50644d6ce6f8985c4e9e83
  OHHTTPStubs: a5d2e9eea07869d42ec03338325f398bc520e159
  YapDatabase: 15b6867a07ff30eac3af28794cd2262b4d0ca4ca

COCOAPODS: 0.39.0
